// !$*UTF8*$!
{
	archiveVersion = 1;
	classes = {
	};
	objectVersion = 50;
	objects = {

/* Begin PBXBuildFile section */
		67003EB6F7C61150227E9586 /* Pods_TopUp.framework in Frameworks */ = {isa = PBXBuildFile; fileRef = D7B51CFBA1927B281E35EF63 /* Pods_TopUp.framework */; };
		FA07524E26639E7A00C3B008 /* TopupViewController.swift in Sources */ = {isa = PBXBuildFile; fileRef = FA07524C26639E7A00C3B008 /* TopupViewController.swift */; };
		FA07524F26639E7A00C3B008 /* TopupViewController.xib in Resources */ = {isa = PBXBuildFile; fileRef = FA07524D26639E7A00C3B008 /* TopupViewController.xib */; };
		FA07525426639F0C00C3B008 /* TopupTableViewCell.swift in Sources */ = {isa = PBXBuildFile; fileRef = FA07525226639F0C00C3B008 /* TopupTableViewCell.swift */; };
		FA07525526639F0C00C3B008 /* TopupTableViewCell.xib in Resources */ = {isa = PBXBuildFile; fileRef = FA07525326639F0C00C3B008 /* TopupTableViewCell.xib */; };
		FA5A1919266219300038CB4C /* TopUp.h in Headers */ = {isa = PBXBuildFile; fileRef = FA5A1917266219300038CB4C /* TopUp.h */; settings = {ATTRIBUTES = (Public, ); }; };
/* End PBXBuildFile section */

/* Begin PBXFileReference section */
		0CE5557C8F8D82EA138D2169 /* Pods-TopUp.debug.xcconfig */ = {isa = PBXFileReference; includeInIndex = 1; lastKnownFileType = text.xcconfig; name = "Pods-TopUp.debug.xcconfig"; path = "Target Support Files/Pods-TopUp/Pods-TopUp.debug.xcconfig"; sourceTree = "<group>"; };
		D7B51CFBA1927B281E35EF63 /* Pods_TopUp.framework */ = {isa = PBXFileReference; explicitFileType = wrapper.framework; includeInIndex = 0; path = Pods_TopUp.framework; sourceTree = BUILT_PRODUCTS_DIR; };
		EA87CA076B5C5C177D13AEB0 /* Pods-TopUp.release.xcconfig */ = {isa = PBXFileReference; includeInIndex = 1; lastKnownFileType = text.xcconfig; name = "Pods-TopUp.release.xcconfig"; path = "Target Support Files/Pods-TopUp/Pods-TopUp.release.xcconfig"; sourceTree = "<group>"; };
		FA07524C26639E7A00C3B008 /* TopupViewController.swift */ = {isa = PBXFileReference; lastKnownFileType = sourcecode.swift; path = TopupViewController.swift; sourceTree = "<group>"; };
		FA07524D26639E7A00C3B008 /* TopupViewController.xib */ = {isa = PBXFileReference; lastKnownFileType = file.xib; path = TopupViewController.xib; sourceTree = "<group>"; };
		FA07525226639F0C00C3B008 /* TopupTableViewCell.swift */ = {isa = PBXFileReference; lastKnownFileType = sourcecode.swift; path = TopupTableViewCell.swift; sourceTree = "<group>"; };
		FA07525326639F0C00C3B008 /* TopupTableViewCell.xib */ = {isa = PBXFileReference; lastKnownFileType = file.xib; path = TopupTableViewCell.xib; sourceTree = "<group>"; };
		FA5A1914266219300038CB4C /* TopUp.framework */ = {isa = PBXFileReference; explicitFileType = wrapper.framework; includeInIndex = 0; path = TopUp.framework; sourceTree = BUILT_PRODUCTS_DIR; };
		FA5A1917266219300038CB4C /* TopUp.h */ = {isa = PBXFileReference; lastKnownFileType = sourcecode.c.h; path = TopUp.h; sourceTree = "<group>"; };
		FA5A1918266219300038CB4C /* Info.plist */ = {isa = PBXFileReference; lastKnownFileType = text.plist.xml; path = Info.plist; sourceTree = "<group>"; };
/* End PBXFileReference section */

/* Begin PBXFrameworksBuildPhase section */
		FA5A1911266219300038CB4C /* Frameworks */ = {
			isa = PBXFrameworksBuildPhase;
			buildActionMask = 2147483647;
			files = (
				67003EB6F7C61150227E9586 /* Pods_TopUp.framework in Frameworks */,
			);
			runOnlyForDeploymentPostprocessing = 0;
		};
/* End PBXFrameworksBuildPhase section */

/* Begin PBXGroup section */
		8BC32235BFD933093AD00ACA /* Pods */ = {
			isa = PBXGroup;
			children = (
				0CE5557C8F8D82EA138D2169 /* Pods-TopUp.debug.xcconfig */,
				EA87CA076B5C5C177D13AEB0 /* Pods-TopUp.release.xcconfig */,
			);
			name = Pods;
			path = ../../App/Pods;
			sourceTree = "<group>";
		};
		9401F7B4D7B02201EF381183 /* Frameworks */ = {
			isa = PBXGroup;
			children = (
				D7B51CFBA1927B281E35EF63 /* Pods_TopUp.framework */,
			);
			name = Frameworks;
			sourceTree = "<group>";
		};
		FA07524B26639E5B00C3B008 /* View */ = {
			isa = PBXGroup;
			children = (
				FA07525126639ED900C3B008 /* Cell */,
				FA07524C26639E7A00C3B008 /* TopupViewController.swift */,
				FA07524D26639E7A00C3B008 /* TopupViewController.xib */,
			);
			path = View;
			sourceTree = "<group>";
		};
		FA07525126639ED900C3B008 /* Cell */ = {
			isa = PBXGroup;
			children = (
				FA07525226639F0C00C3B008 /* TopupTableViewCell.swift */,
				FA07525326639F0C00C3B008 /* TopupTableViewCell.xib */,
			);
			path = Cell;
			sourceTree = "<group>";
		};
		FA5A190A266219300038CB4C = {
			isa = PBXGroup;
			children = (
				FA5A1916266219300038CB4C /* TopUp */,
				FA5A1915266219300038CB4C /* Products */,
				8BC32235BFD933093AD00ACA /* Pods */,
				9401F7B4D7B02201EF381183 /* Frameworks */,
			);
			sourceTree = "<group>";
		};
		FA5A1915266219300038CB4C /* Products */ = {
			isa = PBXGroup;
			children = (
				FA5A1914266219300038CB4C /* TopUp.framework */,
			);
			name = Products;
			sourceTree = "<group>";
		};
		FA5A1916266219300038CB4C /* TopUp */ = {
			isa = PBXGroup;
			children = (
				FA07524B26639E5B00C3B008 /* View */,
				FA5A1917266219300038CB4C /* TopUp.h */,
				FA5A1918266219300038CB4C /* Info.plist */,
			);
			path = TopUp;
			sourceTree = "<group>";
		};
/* End PBXGroup section */

/* Begin PBXHeadersBuildPhase section */
		FA5A190F266219300038CB4C /* Headers */ = {
			isa = PBXHeadersBuildPhase;
			buildActionMask = 2147483647;
			files = (
				FA5A1919266219300038CB4C /* TopUp.h in Headers */,
			);
			runOnlyForDeploymentPostprocessing = 0;
		};
/* End PBXHeadersBuildPhase section */

/* Begin PBXNativeTarget section */
		FA5A1913266219300038CB4C /* TopUp */ = {
			isa = PBXNativeTarget;
			buildConfigurationList = FA5A191C266219300038CB4C /* Build configuration list for PBXNativeTarget "TopUp" */;
			buildPhases = (
				91F2B87FE528D72BC5FF52CE /* [CP] Check Pods Manifest.lock */,
				FA5A190F266219300038CB4C /* Headers */,
				FA5A1910266219300038CB4C /* Sources */,
				FA5A1911266219300038CB4C /* Frameworks */,
				FA5A1912266219300038CB4C /* Resources */,
			);
			buildRules = (
			);
			dependencies = (
			);
			name = TopUp;
			productName = TopUp;
			productReference = FA5A1914266219300038CB4C /* TopUp.framework */;
			productType = "com.apple.product-type.framework";
		};
/* End PBXNativeTarget section */

/* Begin PBXProject section */
		FA5A190B266219300038CB4C /* Project object */ = {
			isa = PBXProject;
			attributes = {
				LastUpgradeCheck = 1240;
				TargetAttributes = {
					FA5A1913266219300038CB4C = {
						CreatedOnToolsVersion = 12.4;
						LastSwiftMigration = 1240;
					};
				};
			};
			buildConfigurationList = FA5A190E266219300038CB4C /* Build configuration list for PBXProject "TopUp" */;
			compatibilityVersion = "Xcode 9.3";
			developmentRegion = en;
			hasScannedForEncodings = 0;
			knownRegions = (
				en,
				Base,
			);
			mainGroup = FA5A190A266219300038CB4C;
			productRefGroup = FA5A1915266219300038CB4C /* Products */;
			projectDirPath = "";
			projectRoot = "";
			targets = (
				FA5A1913266219300038CB4C /* TopUp */,
			);
		};
/* End PBXProject section */

/* Begin PBXResourcesBuildPhase section */
		FA5A1912266219300038CB4C /* Resources */ = {
			isa = PBXResourcesBuildPhase;
			buildActionMask = 2147483647;
			files = (
				FA07525526639F0C00C3B008 /* TopupTableViewCell.xib in Resources */,
				FA07524F26639E7A00C3B008 /* TopupViewController.xib in Resources */,
			);
			runOnlyForDeploymentPostprocessing = 0;
		};
/* End PBXResourcesBuildPhase section */

/* Begin PBXShellScriptBuildPhase section */
		91F2B87FE528D72BC5FF52CE /* [CP] Check Pods Manifest.lock */ = {
			isa = PBXShellScriptBuildPhase;
			buildActionMask = 2147483647;
			files = (
			);
			inputFileListPaths = (
			);
			inputPaths = (
				"${PODS_PODFILE_DIR_PATH}/Podfile.lock",
				"${PODS_ROOT}/Manifest.lock",
			);
			name = "[CP] Check Pods Manifest.lock";
			outputFileListPaths = (
			);
			outputPaths = (
				"$(DERIVED_FILE_DIR)/Pods-TopUp-checkManifestLockResult.txt",
			);
			runOnlyForDeploymentPostprocessing = 0;
			shellPath = /bin/sh;
			shellScript = "diff \"${PODS_PODFILE_DIR_PATH}/Podfile.lock\" \"${PODS_ROOT}/Manifest.lock\" > /dev/null\nif [ $? != 0 ] ; then\n    # print error to STDERR\n    echo \"error: The sandbox is not in sync with the Podfile.lock. Run 'pod install' or update your CocoaPods installation.\" >&2\n    exit 1\nfi\n# This output is used by Xcode 'outputs' to avoid re-running this script phase.\necho \"SUCCESS\" > \"${SCRIPT_OUTPUT_FILE_0}\"\n";
			showEnvVarsInLog = 0;
		};
/* End PBXShellScriptBuildPhase section */

/* Begin PBXSourcesBuildPhase section */
		FA5A1910266219300038CB4C /* Sources */ = {
			isa = PBXSourcesBuildPhase;
			buildActionMask = 2147483647;
			files = (
				FA07525426639F0C00C3B008 /* TopupTableViewCell.swift in Sources */,
				FA07524E26639E7A00C3B008 /* TopupViewController.swift in Sources */,
			);
			runOnlyForDeploymentPostprocessing = 0;
		};
/* End PBXSourcesBuildPhase section */

/* Begin XCBuildConfiguration section */
		FA5A191A266219300038CB4C /* Debug */ = {
			isa = XCBuildConfiguration;
			buildSettings = {
				ALWAYS_SEARCH_USER_PATHS = NO;
				CLANG_ANALYZER_NONNULL = YES;
				CLANG_ANALYZER_NUMBER_OBJECT_CONVERSION = YES_AGGRESSIVE;
				CLANG_CXX_LANGUAGE_STANDARD = "gnu++14";
				CLANG_CXX_LIBRARY = "libc++";
				CLANG_ENABLE_MODULES = YES;
				CLANG_ENABLE_OBJC_ARC = YES;
				CLANG_ENABLE_OBJC_WEAK = YES;
				CLANG_WARN_BLOCK_CAPTURE_AUTORELEASING = YES;
				CLANG_WARN_BOOL_CONVERSION = YES;
				CLANG_WARN_COMMA = YES;
				CLANG_WARN_CONSTANT_CONVERSION = YES;
				CLANG_WARN_DEPRECATED_OBJC_IMPLEMENTATIONS = YES;
				CLANG_WARN_DIRECT_OBJC_ISA_USAGE = YES_ERROR;
				CLANG_WARN_DOCUMENTATION_COMMENTS = YES;
				CLANG_WARN_EMPTY_BODY = YES;
				CLANG_WARN_ENUM_CONVERSION = YES;
				CLANG_WARN_INFINITE_RECURSION = YES;
				CLANG_WARN_INT_CONVERSION = YES;
				CLANG_WARN_NON_LITERAL_NULL_CONVERSION = YES;
				CLANG_WARN_OBJC_IMPLICIT_RETAIN_SELF = YES;
				CLANG_WARN_OBJC_LITERAL_CONVERSION = YES;
				CLANG_WARN_OBJC_ROOT_CLASS = YES_ERROR;
				CLANG_WARN_QUOTED_INCLUDE_IN_FRAMEWORK_HEADER = YES;
				CLANG_WARN_RANGE_LOOP_ANALYSIS = YES;
				CLANG_WARN_STRICT_PROTOTYPES = YES;
				CLANG_WARN_SUSPICIOUS_MOVE = YES;
				CLANG_WARN_UNGUARDED_AVAILABILITY = YES_AGGRESSIVE;
				CLANG_WARN_UNREACHABLE_CODE = YES;
				CLANG_WARN__DUPLICATE_METHOD_MATCH = YES;
				COPY_PHASE_STRIP = NO;
				CURRENT_PROJECT_VERSION = 1;
				DEBUG_INFORMATION_FORMAT = dwarf;
				ENABLE_STRICT_OBJC_MSGSEND = YES;
				ENABLE_TESTABILITY = YES;
				GCC_C_LANGUAGE_STANDARD = gnu11;
				GCC_DYNAMIC_NO_PIC = NO;
				GCC_NO_COMMON_BLOCKS = YES;
				GCC_OPTIMIZATION_LEVEL = 0;
				GCC_PREPROCESSOR_DEFINITIONS = (
					"DEBUG=1",
					"$(inherited)",
				);
				GCC_WARN_64_TO_32_BIT_CONVERSION = YES;
				GCC_WARN_ABOUT_RETURN_TYPE = YES_ERROR;
				GCC_WARN_UNDECLARED_SELECTOR = YES;
				GCC_WARN_UNINITIALIZED_AUTOS = YES_AGGRESSIVE;
				GCC_WARN_UNUSED_FUNCTION = YES;
				GCC_WARN_UNUSED_VARIABLE = YES;
				IPHONEOS_DEPLOYMENT_TARGET = 14.4;
				MTL_ENABLE_DEBUG_INFO = INCLUDE_SOURCE;
				MTL_FAST_MATH = YES;
				ONLY_ACTIVE_ARCH = YES;
				SDKROOT = iphoneos;
				SWIFT_ACTIVE_COMPILATION_CONDITIONS = DEBUG;
				SWIFT_OPTIMIZATION_LEVEL = "-Onone";
				VERSIONING_SYSTEM = "apple-generic";
				VERSION_INFO_PREFIX = "";
			};
			name = Debug;
		};
		FA5A191B266219300038CB4C /* Release */ = {
			isa = XCBuildConfiguration;
			buildSettings = {
				ALWAYS_SEARCH_USER_PATHS = NO;
				CLANG_ANALYZER_NONNULL = YES;
				CLANG_ANALYZER_NUMBER_OBJECT_CONVERSION = YES_AGGRESSIVE;
				CLANG_CXX_LANGUAGE_STANDARD = "gnu++14";
				CLANG_CXX_LIBRARY = "libc++";
				CLANG_ENABLE_MODULES = YES;
				CLANG_ENABLE_OBJC_ARC = YES;
				CLANG_ENABLE_OBJC_WEAK = YES;
				CLANG_WARN_BLOCK_CAPTURE_AUTORELEASING = YES;
				CLANG_WARN_BOOL_CONVERSION = YES;
				CLANG_WARN_COMMA = YES;
				CLANG_WARN_CONSTANT_CONVERSION = YES;
				CLANG_WARN_DEPRECATED_OBJC_IMPLEMENTATIONS = YES;
				CLANG_WARN_DIRECT_OBJC_ISA_USAGE = YES_ERROR;
				CLANG_WARN_DOCUMENTATION_COMMENTS = YES;
				CLANG_WARN_EMPTY_BODY = YES;
				CLANG_WARN_ENUM_CONVERSION = YES;
				CLANG_WARN_INFINITE_RECURSION = YES;
				CLANG_WARN_INT_CONVERSION = YES;
				CLANG_WARN_NON_LITERAL_NULL_CONVERSION = YES;
				CLANG_WARN_OBJC_IMPLICIT_RETAIN_SELF = YES;
				CLANG_WARN_OBJC_LITERAL_CONVERSION = YES;
				CLANG_WARN_OBJC_ROOT_CLASS = YES_ERROR;
				CLANG_WARN_QUOTED_INCLUDE_IN_FRAMEWORK_HEADER = YES;
				CLANG_WARN_RANGE_LOOP_ANALYSIS = YES;
				CLANG_WARN_STRICT_PROTOTYPES = YES;
				CLANG_WARN_SUSPICIOUS_MOVE = YES;
				CLANG_WARN_UNGUARDED_AVAILABILITY = YES_AGGRESSIVE;
				CLANG_WARN_UNREACHABLE_CODE = YES;
				CLANG_WARN__DUPLICATE_METHOD_MATCH = YES;
				COPY_PHASE_STRIP = NO;
				CURRENT_PROJECT_VERSION = 1;
				DEBUG_INFORMATION_FORMAT = "dwarf-with-dsym";
				ENABLE_NS_ASSERTIONS = NO;
				ENABLE_STRICT_OBJC_MSGSEND = YES;
				GCC_C_LANGUAGE_STANDARD = gnu11;
				GCC_NO_COMMON_BLOCKS = YES;
				GCC_WARN_64_TO_32_BIT_CONVERSION = YES;
				GCC_WARN_ABOUT_RETURN_TYPE = YES_ERROR;
				GCC_WARN_UNDECLARED_SELECTOR = YES;
				GCC_WARN_UNINITIALIZED_AUTOS = YES_AGGRESSIVE;
				GCC_WARN_UNUSED_FUNCTION = YES;
				GCC_WARN_UNUSED_VARIABLE = YES;
				IPHONEOS_DEPLOYMENT_TARGET = 14.4;
				MTL_ENABLE_DEBUG_INFO = NO;
				MTL_FAST_MATH = YES;
				SDKROOT = iphoneos;
				SWIFT_COMPILATION_MODE = wholemodule;
				SWIFT_OPTIMIZATION_LEVEL = "-O";
				VALIDATE_PRODUCT = YES;
				VERSIONING_SYSTEM = "apple-generic";
				VERSION_INFO_PREFIX = "";
			};
			name = Release;
		};
		FA5A191D266219300038CB4C /* Debug */ = {
			isa = XCBuildConfiguration;
			baseConfigurationReference = 0CE5557C8F8D82EA138D2169 /* Pods-TopUp.debug.xcconfig */;
			buildSettings = {
				CLANG_ENABLE_MODULES = YES;
				CODE_SIGN_STYLE = Automatic;
				DEFINES_MODULE = YES;
				DEVELOPMENT_TEAM = 28NN36KCKR;
				DYLIB_COMPATIBILITY_VERSION = 1;
				DYLIB_CURRENT_VERSION = 1;
				DYLIB_INSTALL_NAME_BASE = "@rpath";
				INFOPLIST_FILE = TopUp/Info.plist;
				INSTALL_PATH = "$(LOCAL_LIBRARY_DIR)/Frameworks";
				IPHONEOS_DEPLOYMENT_TARGET = 12.1;
				LD_RUNPATH_SEARCH_PATHS = (
					"$(inherited)",
					"@executable_path/Frameworks",
					"@loader_path/Frameworks",
				);
				PRODUCT_BUNDLE_IDENTIFIER = com.grevi.msx.TopUp;
				PRODUCT_NAME = "$(TARGET_NAME:c99extidentifier)";
				SKIP_INSTALL = YES;
				SUPPORTS_MACCATALYST = NO;
				SWIFT_OPTIMIZATION_LEVEL = "-Onone";
				SWIFT_VERSION = 5.0;
				TARGETED_DEVICE_FAMILY = "1,2";
			};
			name = Debug;
		};
		FA5A191E266219300038CB4C /* Release */ = {
			isa = XCBuildConfiguration;
			baseConfigurationReference = EA87CA076B5C5C177D13AEB0 /* Pods-TopUp.release.xcconfig */;
			buildSettings = {
				CLANG_ENABLE_MODULES = YES;
				CODE_SIGN_STYLE = Automatic;
				DEFINES_MODULE = YES;
				DEVELOPMENT_TEAM = 28NN36KCKR;
				DYLIB_COMPATIBILITY_VERSION = 1;
				DYLIB_CURRENT_VERSION = 1;
				DYLIB_INSTALL_NAME_BASE = "@rpath";
				INFOPLIST_FILE = TopUp/Info.plist;
				INSTALL_PATH = "$(LOCAL_LIBRARY_DIR)/Frameworks";
				IPHONEOS_DEPLOYMENT_TARGET = 12.1;
				LD_RUNPATH_SEARCH_PATHS = (
					"$(inherited)",
					"@executable_path/Frameworks",
					"@loader_path/Frameworks",
				);
				PRODUCT_BUNDLE_IDENTIFIER = com.grevi.msx.TopUp;
				PRODUCT_NAME = "$(TARGET_NAME:c99extidentifier)";
				SKIP_INSTALL = YES;
				SUPPORTS_MACCATALYST = NO;
				SWIFT_VERSION = 5.0;
				TARGETED_DEVICE_FAMILY = "1,2";
			};
			name = Release;
		};
/* End XCBuildConfiguration section */

/* Begin XCConfigurationList section */
		FA5A190E266219300038CB4C /* Build configuration list for PBXProject "TopUp" */ = {
			isa = XCConfigurationList;
			buildConfigurations = (
				FA5A191A266219300038CB4C /* Debug */,
				FA5A191B266219300038CB4C /* Release */,
			);
			defaultConfigurationIsVisible = 0;
			defaultConfigurationName = Release;
		};
		FA5A191C266219300038CB4C /* Build configuration list for PBXNativeTarget "TopUp" */ = {
			isa = XCConfigurationList;
			buildConfigurations = (
				FA5A191D266219300038CB4C /* Debug */,
				FA5A191E266219300038CB4C /* Release */,
			);
			defaultConfigurationIsVisible = 0;
			defaultConfigurationName = Release;
		};
/* End XCConfigurationList section */
	};
	rootObject = FA5A190B266219300038CB4C /* Project object */;
}
