// !$*UTF8*$!
{
	archiveVersion = 1;
	classes = {
	};
	objectVersion = 50;
	objects = {

/* Begin PBXBuildFile section */
		E42F9D4E0EACE99DCFDF2F24 /* Pods_TopupCentre.framework in Frameworks */ = {isa = PBXBuildFile; fileRef = F10CAC18A37735E52B2833C7 /* Pods_TopupCentre.framework */; };
		FA632F9D26647BAB0001D3A9 /* TopupCentre.h in Headers */ = {isa = PBXBuildFile; fileRef = FA632F9B26647BAB0001D3A9 /* TopupCentre.h */; settings = {ATTRIBUTES = (Public, ); }; };
		FAF9384C26647C7700BE3445 /* TopupCentreViewController.swift in Sources */ = {isa = PBXBuildFile; fileRef = FAF9384A26647C7600BE3445 /* TopupCentreViewController.swift */; };
		FAF9384D26647C7700BE3445 /* TopupCentreViewController.xib in Resources */ = {isa = PBXBuildFile; fileRef = FAF9384B26647C7600BE3445 /* TopupCentreViewController.xib */; };
/* End PBXBuildFile section */

/* Begin PBXFileReference section */
		6C37461C8C6C406247E18DDD /* Pods-TopupCentre.debug.xcconfig */ = {isa = PBXFileReference; includeInIndex = 1; lastKnownFileType = text.xcconfig; name = "Pods-TopupCentre.debug.xcconfig"; path = "Target Support Files/Pods-TopupCentre/Pods-TopupCentre.debug.xcconfig"; sourceTree = "<group>"; };
		A13FDA7E09B9E05530C6168B /* Pods-TopupCentre.release.xcconfig */ = {isa = PBXFileReference; includeInIndex = 1; lastKnownFileType = text.xcconfig; name = "Pods-TopupCentre.release.xcconfig"; path = "Target Support Files/Pods-TopupCentre/Pods-TopupCentre.release.xcconfig"; sourceTree = "<group>"; };
		F10CAC18A37735E52B2833C7 /* Pods_TopupCentre.framework */ = {isa = PBXFileReference; explicitFileType = wrapper.framework; includeInIndex = 0; path = Pods_TopupCentre.framework; sourceTree = BUILT_PRODUCTS_DIR; };
		FA632F9826647BAB0001D3A9 /* TopupCentre.framework */ = {isa = PBXFileReference; explicitFileType = wrapper.framework; includeInIndex = 0; path = TopupCentre.framework; sourceTree = BUILT_PRODUCTS_DIR; };
		FA632F9B26647BAB0001D3A9 /* TopupCentre.h */ = {isa = PBXFileReference; lastKnownFileType = sourcecode.c.h; path = TopupCentre.h; sourceTree = "<group>"; };
		FA632F9C26647BAB0001D3A9 /* Info.plist */ = {isa = PBXFileReference; lastKnownFileType = text.plist.xml; path = Info.plist; sourceTree = "<group>"; };
		FAF9384A26647C7600BE3445 /* TopupCentreViewController.swift */ = {isa = PBXFileReference; lastKnownFileType = sourcecode.swift; path = TopupCentreViewController.swift; sourceTree = "<group>"; };
		FAF9384B26647C7600BE3445 /* TopupCentreViewController.xib */ = {isa = PBXFileReference; lastKnownFileType = file.xib; path = TopupCentreViewController.xib; sourceTree = "<group>"; };
/* End PBXFileReference section */

/* Begin PBXFrameworksBuildPhase section */
		FA632F9526647BAB0001D3A9 /* Frameworks */ = {
			isa = PBXFrameworksBuildPhase;
			buildActionMask = 2147483647;
			files = (
				E42F9D4E0EACE99DCFDF2F24 /* Pods_TopupCentre.framework in Frameworks */,
			);
			runOnlyForDeploymentPostprocessing = 0;
		};
/* End PBXFrameworksBuildPhase section */

/* Begin PBXGroup section */
		3595DAA7AB08E3010195A317 /* Pods */ = {
			isa = PBXGroup;
			children = (
				6C37461C8C6C406247E18DDD /* Pods-TopupCentre.debug.xcconfig */,
				A13FDA7E09B9E05530C6168B /* Pods-TopupCentre.release.xcconfig */,
			);
			name = Pods;
			path = ../../App/Pods;
			sourceTree = "<group>";
		};
		3F8991104CE9005B3985CA8B /* Frameworks */ = {
			isa = PBXGroup;
			children = (
				F10CAC18A37735E52B2833C7 /* Pods_TopupCentre.framework */,
			);
			name = Frameworks;
			sourceTree = "<group>";
		};
		FA632F8E26647BAB0001D3A9 = {
			isa = PBXGroup;
			children = (
				FA632F9A26647BAB0001D3A9 /* TopupCentre */,
				FA632F9926647BAB0001D3A9 /* Products */,
				3595DAA7AB08E3010195A317 /* Pods */,
				3F8991104CE9005B3985CA8B /* Frameworks */,
			);
			sourceTree = "<group>";
		};
		FA632F9926647BAB0001D3A9 /* Products */ = {
			isa = PBXGroup;
			children = (
				FA632F9826647BAB0001D3A9 /* TopupCentre.framework */,
			);
			name = Products;
			sourceTree = "<group>";
		};
		FA632F9A26647BAB0001D3A9 /* TopupCentre */ = {
			isa = PBXGroup;
			children = (
				FAF9384826647C5E00BE3445 /* View */,
				FA632F9B26647BAB0001D3A9 /* TopupCentre.h */,
				FA632F9C26647BAB0001D3A9 /* Info.plist */,
			);
			path = TopupCentre;
			sourceTree = "<group>";
		};
		FAF9384826647C5E00BE3445 /* View */ = {
			isa = PBXGroup;
			children = (
				FAF9384A26647C7600BE3445 /* TopupCentreViewController.swift */,
				FAF9384B26647C7600BE3445 /* TopupCentreViewController.xib */,
			);
			path = View;
			sourceTree = "<group>";
		};
/* End PBXGroup section */

/* Begin PBXHeadersBuildPhase section */
		FA632F9326647BAB0001D3A9 /* Headers */ = {
			isa = PBXHeadersBuildPhase;
			buildActionMask = 2147483647;
			files = (
				FA632F9D26647BAB0001D3A9 /* TopupCentre.h in Headers */,
			);
			runOnlyForDeploymentPostprocessing = 0;
		};
/* End PBXHeadersBuildPhase section */

/* Begin PBXNativeTarget section */
		FA632F9726647BAB0001D3A9 /* TopupCentre */ = {
			isa = PBXNativeTarget;
			buildConfigurationList = FA632FA026647BAB0001D3A9 /* Build configuration list for PBXNativeTarget "TopupCentre" */;
			buildPhases = (
				30D9247F4472F27D881F6943 /* [CP] Check Pods Manifest.lock */,
				FA632F9326647BAB0001D3A9 /* Headers */,
				FA632F9426647BAB0001D3A9 /* Sources */,
				FA632F9526647BAB0001D3A9 /* Frameworks */,
				FA632F9626647BAB0001D3A9 /* Resources */,
			);
			buildRules = (
			);
			dependencies = (
			);
			name = TopupCentre;
			productName = TopupCentre;
			productReference = FA632F9826647BAB0001D3A9 /* TopupCentre.framework */;
			productType = "com.apple.product-type.framework";
		};
/* End PBXNativeTarget section */

/* Begin PBXProject section */
		FA632F8F26647BAB0001D3A9 /* Project object */ = {
			isa = PBXProject;
			attributes = {
				LastUpgradeCheck = 1240;
				TargetAttributes = {
					FA632F9726647BAB0001D3A9 = {
						CreatedOnToolsVersion = 12.4;
						LastSwiftMigration = 1240;
					};
				};
			};
			buildConfigurationList = FA632F9226647BAB0001D3A9 /* Build configuration list for PBXProject "TopupCentre" */;
			compatibilityVersion = "Xcode 9.3";
			developmentRegion = en;
			hasScannedForEncodings = 0;
			knownRegions = (
				en,
				Base,
			);
			mainGroup = FA632F8E26647BAB0001D3A9;
			productRefGroup = FA632F9926647BAB0001D3A9 /* Products */;
			projectDirPath = "";
			projectRoot = "";
			targets = (
				FA632F9726647BAB0001D3A9 /* TopupCentre */,
			);
		};
/* End PBXProject section */

/* Begin PBXResourcesBuildPhase section */
		FA632F9626647BAB0001D3A9 /* Resources */ = {
			isa = PBXResourcesBuildPhase;
			buildActionMask = 2147483647;
			files = (
				FAF9384D26647C7700BE3445 /* TopupCentreViewController.xib in Resources */,
			);
			runOnlyForDeploymentPostprocessing = 0;
		};
/* End PBXResourcesBuildPhase section */

/* Begin PBXShellScriptBuildPhase section */
		30D9247F4472F27D881F6943 /* [CP] Check Pods Manifest.lock */ = {
			isa = PBXShellScriptBuildPhase;
			buildActionMask = 2147483647;
			files = (
			);
			inputFileListPaths = (
			);
			inputPaths = (
				"${PODS_PODFILE_DIR_PATH}/Podfile.lock",
				"${PODS_ROOT}/Manifest.lock",
			);
			name = "[CP] Check Pods Manifest.lock";
			outputFileListPaths = (
			);
			outputPaths = (
				"$(DERIVED_FILE_DIR)/Pods-TopupCentre-checkManifestLockResult.txt",
			);
			runOnlyForDeploymentPostprocessing = 0;
			shellPath = /bin/sh;
			shellScript = "diff \"${PODS_PODFILE_DIR_PATH}/Podfile.lock\" \"${PODS_ROOT}/Manifest.lock\" > /dev/null\nif [ $? != 0 ] ; then\n    # print error to STDERR\n    echo \"error: The sandbox is not in sync with the Podfile.lock. Run 'pod install' or update your CocoaPods installation.\" >&2\n    exit 1\nfi\n# This output is used by Xcode 'outputs' to avoid re-running this script phase.\necho \"SUCCESS\" > \"${SCRIPT_OUTPUT_FILE_0}\"\n";
			showEnvVarsInLog = 0;
		};
/* End PBXShellScriptBuildPhase section */

/* Begin PBXSourcesBuildPhase section */
		FA632F9426647BAB0001D3A9 /* Sources */ = {
			isa = PBXSourcesBuildPhase;
			buildActionMask = 2147483647;
			files = (
				FAF9384C26647C7700BE3445 /* TopupCentreViewController.swift in Sources */,
			);
			runOnlyForDeploymentPostprocessing = 0;
		};
/* End PBXSourcesBuildPhase section */

/* Begin XCBuildConfiguration section */
		FA632F9E26647BAB0001D3A9 /* Debug */ = {
			isa = XCBuildConfiguration;
			buildSettings = {
				ALWAYS_SEARCH_USER_PATHS = NO;
				CLANG_ANALYZER_NONNULL = YES;
				CLANG_ANALYZER_NUMBER_OBJECT_CONVERSION = YES_AGGRESSIVE;
				CLANG_CXX_LANGUAGE_STANDARD = "gnu++14";
				CLANG_CXX_LIBRARY = "libc++";
				CLANG_ENABLE_MODULES = YES;
				CLANG_ENABLE_OBJC_ARC = YES;
				CLANG_ENABLE_OBJC_WEAK = YES;
				CLANG_WARN_BLOCK_CAPTURE_AUTORELEASING = YES;
				CLANG_WARN_BOOL_CONVERSION = YES;
				CLANG_WARN_COMMA = YES;
				CLANG_WARN_CONSTANT_CONVERSION = YES;
				CLANG_WARN_DEPRECATED_OBJC_IMPLEMENTATIONS = YES;
				CLANG_WARN_DIRECT_OBJC_ISA_USAGE = YES_ERROR;
				CLANG_WARN_DOCUMENTATION_COMMENTS = YES;
				CLANG_WARN_EMPTY_BODY = YES;
				CLANG_WARN_ENUM_CONVERSION = YES;
				CLANG_WARN_INFINITE_RECURSION = YES;
				CLANG_WARN_INT_CONVERSION = YES;
				CLANG_WARN_NON_LITERAL_NULL_CONVERSION = YES;
				CLANG_WARN_OBJC_IMPLICIT_RETAIN_SELF = YES;
				CLANG_WARN_OBJC_LITERAL_CONVERSION = YES;
				CLANG_WARN_OBJC_ROOT_CLASS = YES_ERROR;
				CLANG_WARN_QUOTED_INCLUDE_IN_FRAMEWORK_HEADER = YES;
				CLANG_WARN_RANGE_LOOP_ANALYSIS = YES;
				CLANG_WARN_STRICT_PROTOTYPES = YES;
				CLANG_WARN_SUSPICIOUS_MOVE = YES;
				CLANG_WARN_UNGUARDED_AVAILABILITY = YES_AGGRESSIVE;
				CLANG_WARN_UNREACHABLE_CODE = YES;
				CLANG_WARN__DUPLICATE_METHOD_MATCH = YES;
				COPY_PHASE_STRIP = NO;
				CURRENT_PROJECT_VERSION = 1;
				DEBUG_INFORMATION_FORMAT = dwarf;
				ENABLE_STRICT_OBJC_MSGSEND = YES;
				ENABLE_TESTABILITY = YES;
				GCC_C_LANGUAGE_STANDARD = gnu11;
				GCC_DYNAMIC_NO_PIC = NO;
				GCC_NO_COMMON_BLOCKS = YES;
				GCC_OPTIMIZATION_LEVEL = 0;
				GCC_PREPROCESSOR_DEFINITIONS = (
					"DEBUG=1",
					"$(inherited)",
				);
				GCC_WARN_64_TO_32_BIT_CONVERSION = YES;
				GCC_WARN_ABOUT_RETURN_TYPE = YES_ERROR;
				GCC_WARN_UNDECLARED_SELECTOR = YES;
				GCC_WARN_UNINITIALIZED_AUTOS = YES_AGGRESSIVE;
				GCC_WARN_UNUSED_FUNCTION = YES;
				GCC_WARN_UNUSED_VARIABLE = YES;
				IPHONEOS_DEPLOYMENT_TARGET = 14.4;
				MTL_ENABLE_DEBUG_INFO = INCLUDE_SOURCE;
				MTL_FAST_MATH = YES;
				ONLY_ACTIVE_ARCH = YES;
				SDKROOT = iphoneos;
				SWIFT_ACTIVE_COMPILATION_CONDITIONS = DEBUG;
				SWIFT_OPTIMIZATION_LEVEL = "-Onone";
				VERSIONING_SYSTEM = "apple-generic";
				VERSION_INFO_PREFIX = "";
			};
			name = Debug;
		};
		FA632F9F26647BAB0001D3A9 /* Release */ = {
			isa = XCBuildConfiguration;
			buildSettings = {
				ALWAYS_SEARCH_USER_PATHS = NO;
				CLANG_ANALYZER_NONNULL = YES;
				CLANG_ANALYZER_NUMBER_OBJECT_CONVERSION = YES_AGGRESSIVE;
				CLANG_CXX_LANGUAGE_STANDARD = "gnu++14";
				CLANG_CXX_LIBRARY = "libc++";
				CLANG_ENABLE_MODULES = YES;
				CLANG_ENABLE_OBJC_ARC = YES;
				CLANG_ENABLE_OBJC_WEAK = YES;
				CLANG_WARN_BLOCK_CAPTURE_AUTORELEASING = YES;
				CLANG_WARN_BOOL_CONVERSION = YES;
				CLANG_WARN_COMMA = YES;
				CLANG_WARN_CONSTANT_CONVERSION = YES;
				CLANG_WARN_DEPRECATED_OBJC_IMPLEMENTATIONS = YES;
				CLANG_WARN_DIRECT_OBJC_ISA_USAGE = YES_ERROR;
				CLANG_WARN_DOCUMENTATION_COMMENTS = YES;
				CLANG_WARN_EMPTY_BODY = YES;
				CLANG_WARN_ENUM_CONVERSION = YES;
				CLANG_WARN_INFINITE_RECURSION = YES;
				CLANG_WARN_INT_CONVERSION = YES;
				CLANG_WARN_NON_LITERAL_NULL_CONVERSION = YES;
				CLANG_WARN_OBJC_IMPLICIT_RETAIN_SELF = YES;
				CLANG_WARN_OBJC_LITERAL_CONVERSION = YES;
				CLANG_WARN_OBJC_ROOT_CLASS = YES_ERROR;
				CLANG_WARN_QUOTED_INCLUDE_IN_FRAMEWORK_HEADER = YES;
				CLANG_WARN_RANGE_LOOP_ANALYSIS = YES;
				CLANG_WARN_STRICT_PROTOTYPES = YES;
				CLANG_WARN_SUSPICIOUS_MOVE = YES;
				CLANG_WARN_UNGUARDED_AVAILABILITY = YES_AGGRESSIVE;
				CLANG_WARN_UNREACHABLE_CODE = YES;
				CLANG_WARN__DUPLICATE_METHOD_MATCH = YES;
				COPY_PHASE_STRIP = NO;
				CURRENT_PROJECT_VERSION = 1;
				DEBUG_INFORMATION_FORMAT = "dwarf-with-dsym";
				ENABLE_NS_ASSERTIONS = NO;
				ENABLE_STRICT_OBJC_MSGSEND = YES;
				GCC_C_LANGUAGE_STANDARD = gnu11;
				GCC_NO_COMMON_BLOCKS = YES;
				GCC_WARN_64_TO_32_BIT_CONVERSION = YES;
				GCC_WARN_ABOUT_RETURN_TYPE = YES_ERROR;
				GCC_WARN_UNDECLARED_SELECTOR = YES;
				GCC_WARN_UNINITIALIZED_AUTOS = YES_AGGRESSIVE;
				GCC_WARN_UNUSED_FUNCTION = YES;
				GCC_WARN_UNUSED_VARIABLE = YES;
				IPHONEOS_DEPLOYMENT_TARGET = 14.4;
				MTL_ENABLE_DEBUG_INFO = NO;
				MTL_FAST_MATH = YES;
				SDKROOT = iphoneos;
				SWIFT_COMPILATION_MODE = wholemodule;
				SWIFT_OPTIMIZATION_LEVEL = "-O";
				VALIDATE_PRODUCT = YES;
				VERSIONING_SYSTEM = "apple-generic";
				VERSION_INFO_PREFIX = "";
			};
			name = Release;
		};
		FA632FA126647BAB0001D3A9 /* Debug */ = {
			isa = XCBuildConfiguration;
			baseConfigurationReference = 6C37461C8C6C406247E18DDD /* Pods-TopupCentre.debug.xcconfig */;
			buildSettings = {
				CLANG_ENABLE_MODULES = YES;
				CODE_SIGN_STYLE = Automatic;
				DEFINES_MODULE = YES;
				DEVELOPMENT_TEAM = 28NN36KCKR;
				DYLIB_COMPATIBILITY_VERSION = 1;
				DYLIB_CURRENT_VERSION = 1;
				DYLIB_INSTALL_NAME_BASE = "@rpath";
				INFOPLIST_FILE = TopupCentre/Info.plist;
				INSTALL_PATH = "$(LOCAL_LIBRARY_DIR)/Frameworks";
				IPHONEOS_DEPLOYMENT_TARGET = 12.1;
				LD_RUNPATH_SEARCH_PATHS = (
					"$(inherited)",
					"@executable_path/Frameworks",
					"@loader_path/Frameworks",
				);
				PRODUCT_BUNDLE_IDENTIFIER = com.grevi.msx.TopupCentre;
				PRODUCT_NAME = "$(TARGET_NAME:c99extidentifier)";
				SKIP_INSTALL = YES;
				SUPPORTS_MACCATALYST = NO;
				SWIFT_OPTIMIZATION_LEVEL = "-Onone";
				SWIFT_VERSION = 5.0;
				TARGETED_DEVICE_FAMILY = "1,2";
			};
			name = Debug;
		};
		FA632FA226647BAB0001D3A9 /* Release */ = {
			isa = XCBuildConfiguration;
			baseConfigurationReference = A13FDA7E09B9E05530C6168B /* Pods-TopupCentre.release.xcconfig */;
			buildSettings = {
				CLANG_ENABLE_MODULES = YES;
				CODE_SIGN_STYLE = Automatic;
				DEFINES_MODULE = YES;
				DEVELOPMENT_TEAM = 28NN36KCKR;
				DYLIB_COMPATIBILITY_VERSION = 1;
				DYLIB_CURRENT_VERSION = 1;
				DYLIB_INSTALL_NAME_BASE = "@rpath";
				INFOPLIST_FILE = TopupCentre/Info.plist;
				INSTALL_PATH = "$(LOCAL_LIBRARY_DIR)/Frameworks";
				IPHONEOS_DEPLOYMENT_TARGET = 12.1;
				LD_RUNPATH_SEARCH_PATHS = (
					"$(inherited)",
					"@executable_path/Frameworks",
					"@loader_path/Frameworks",
				);
				PRODUCT_BUNDLE_IDENTIFIER = com.grevi.msx.TopupCentre;
				PRODUCT_NAME = "$(TARGET_NAME:c99extidentifier)";
				SKIP_INSTALL = YES;
				SUPPORTS_MACCATALYST = NO;
				SWIFT_VERSION = 5.0;
				TARGETED_DEVICE_FAMILY = "1,2";
			};
			name = Release;
		};
/* End XCBuildConfiguration section */

/* Begin XCConfigurationList section */
		FA632F9226647BAB0001D3A9 /* Build configuration list for PBXProject "TopupCentre" */ = {
			isa = XCConfigurationList;
			buildConfigurations = (
				FA632F9E26647BAB0001D3A9 /* Debug */,
				FA632F9F26647BAB0001D3A9 /* Release */,
			);
			defaultConfigurationIsVisible = 0;
			defaultConfigurationName = Release;
		};
		FA632FA026647BAB0001D3A9 /* Build configuration list for PBXNativeTarget "TopupCentre" */ = {
			isa = XCConfigurationList;
			buildConfigurations = (
				FA632FA126647BAB0001D3A9 /* Debug */,
				FA632FA226647BAB0001D3A9 /* Release */,
			);
			defaultConfigurationIsVisible = 0;
			defaultConfigurationName = Release;
		};
/* End XCConfigurationList section */
	};
	rootObject = FA632F8F26647BAB0001D3A9 /* Project object */;
}
