// !$*UTF8*$!
{
	archiveVersion = 1;
	classes = {
	};
	objectVersion = 50;
	objects = {

/* Begin PBXBuildFile section */
		04B3EC6A0DE976F0650F8258 /* Pods_PinConfirmation.framework in Frameworks */ = {isa = PBXBuildFile; fileRef = B871B628517030203FE4CF0A /* Pods_PinConfirmation.framework */; };
		FA07524A2663819900C3B008 /* TransferEntity.swift in Sources */ = {isa = PBXBuildFile; fileRef = FA0752492663819900C3B008 /* TransferEntity.swift */; };
		FA25265D2662B33100142120 /* PinConfirmationInteractor.swift in Sources */ = {isa = PBXBuildFile; fileRef = FA25265C2662B33100142120 /* PinConfirmationInteractor.swift */; };
		FA2526602662B35A00142120 /* PinConfirmationInteractorImpl.swift in Sources */ = {isa = PBXBuildFile; fileRef = FA25265F2662B35A00142120 /* PinConfirmationInteractorImpl.swift */; };
		FA2526662662B84900142120 /* PinConfirmationInteractorOutput.swift in Sources */ = {isa = PBXBuildFile; fileRef = FA2526652662B84900142120 /* PinConfirmationInteractorOutput.swift */; };
		FA25266A2662B8CF00142120 /* Core.framework in Frameworks */ = {isa = PBXBuildFile; fileRef = FA2526692662B8CF00142120 /* Core.framework */; };
		FA25266B2662B8CF00142120 /* Core.framework in Embed Frameworks */ = {isa = PBXBuildFile; fileRef = FA2526692662B8CF00142120 /* Core.framework */; settings = {ATTRIBUTES = (CodeSignOnCopy, RemoveHeadersOnCopy, ); }; };
		FA25266F2662B9DD00142120 /* PinConfirmationPresenter.swift in Sources */ = {isa = PBXBuildFile; fileRef = FA25266E2662B9DD00142120 /* PinConfirmationPresenter.swift */; };
		FA2526722662BA2C00142120 /* PinConfirmationPresenterImpl.swift in Sources */ = {isa = PBXBuildFile; fileRef = FA2526712662BA2C00142120 /* PinConfirmationPresenterImpl.swift */; };
		FA2526752662BA7C00142120 /* PinConfirmationRouter.swift in Sources */ = {isa = PBXBuildFile; fileRef = FA2526742662BA7C00142120 /* PinConfirmationRouter.swift */; };
		FA2526772662BABF00142120 /* PinConfirmationRouterImpl.swift in Sources */ = {isa = PBXBuildFile; fileRef = FA2526762662BABF00142120 /* PinConfirmationRouterImpl.swift */; };
		FA2526792662BBA600142120 /* PinConfirmationView.swift in Sources */ = {isa = PBXBuildFile; fileRef = FA2526782662BBA600142120 /* PinConfirmationView.swift */; };
		FA6B4A1426625C830090790B /* PinConfirmationViewController.swift in Sources */ = {isa = PBXBuildFile; fileRef = FA6B4A1226625C830090790B /* PinConfirmationViewController.swift */; };
		FA6B4A1526625C830090790B /* PinConfirmationViewController.xib in Resources */ = {isa = PBXBuildFile; fileRef = FA6B4A1326625C830090790B /* PinConfirmationViewController.xib */; };
		FAC9B84526608BDF003310EF /* PinConfirmation.h in Headers */ = {isa = PBXBuildFile; fileRef = FAC9B84326608BDF003310EF /* PinConfirmation.h */; settings = {ATTRIBUTES = (Public, ); }; };
/* End PBXBuildFile section */

/* Begin PBXCopyFilesBuildPhase section */
		FA25266C2662B8CF00142120 /* Embed Frameworks */ = {
			isa = PBXCopyFilesBuildPhase;
			buildActionMask = 2147483647;
			dstPath = "";
			dstSubfolderSpec = 10;
			files = (
				FA25266B2662B8CF00142120 /* Core.framework in Embed Frameworks */,
			);
			name = "Embed Frameworks";
			runOnlyForDeploymentPostprocessing = 0;
		};
/* End PBXCopyFilesBuildPhase section */

/* Begin PBXFileReference section */
		1A4906129BC452A97E63D319 /* Pods-PinConfirmation.debug.xcconfig */ = {isa = PBXFileReference; includeInIndex = 1; lastKnownFileType = text.xcconfig; name = "Pods-PinConfirmation.debug.xcconfig"; path = "Target Support Files/Pods-PinConfirmation/Pods-PinConfirmation.debug.xcconfig"; sourceTree = "<group>"; };
		B4913F12913296653E27ADAF /* Pods-PinConfirmation.release.xcconfig */ = {isa = PBXFileReference; includeInIndex = 1; lastKnownFileType = text.xcconfig; name = "Pods-PinConfirmation.release.xcconfig"; path = "Target Support Files/Pods-PinConfirmation/Pods-PinConfirmation.release.xcconfig"; sourceTree = "<group>"; };
		B871B628517030203FE4CF0A /* Pods_PinConfirmation.framework */ = {isa = PBXFileReference; explicitFileType = wrapper.framework; includeInIndex = 0; path = Pods_PinConfirmation.framework; sourceTree = BUILT_PRODUCTS_DIR; };
		FA0752492663819900C3B008 /* TransferEntity.swift */ = {isa = PBXFileReference; lastKnownFileType = sourcecode.swift; path = TransferEntity.swift; sourceTree = "<group>"; };
		FA25265C2662B33100142120 /* PinConfirmationInteractor.swift */ = {isa = PBXFileReference; lastKnownFileType = sourcecode.swift; path = PinConfirmationInteractor.swift; sourceTree = "<group>"; };
		FA25265F2662B35A00142120 /* PinConfirmationInteractorImpl.swift */ = {isa = PBXFileReference; lastKnownFileType = sourcecode.swift; path = PinConfirmationInteractorImpl.swift; sourceTree = "<group>"; };
		FA2526652662B84900142120 /* PinConfirmationInteractorOutput.swift */ = {isa = PBXFileReference; lastKnownFileType = sourcecode.swift; path = PinConfirmationInteractorOutput.swift; sourceTree = "<group>"; };
		FA2526692662B8CF00142120 /* Core.framework */ = {isa = PBXFileReference; explicitFileType = wrapper.framework; path = Core.framework; sourceTree = BUILT_PRODUCTS_DIR; };
		FA25266E2662B9DD00142120 /* PinConfirmationPresenter.swift */ = {isa = PBXFileReference; lastKnownFileType = sourcecode.swift; path = PinConfirmationPresenter.swift; sourceTree = "<group>"; };
		FA2526712662BA2C00142120 /* PinConfirmationPresenterImpl.swift */ = {isa = PBXFileReference; lastKnownFileType = sourcecode.swift; path = PinConfirmationPresenterImpl.swift; sourceTree = "<group>"; };
		FA2526742662BA7C00142120 /* PinConfirmationRouter.swift */ = {isa = PBXFileReference; lastKnownFileType = sourcecode.swift; path = PinConfirmationRouter.swift; sourceTree = "<group>"; };
		FA2526762662BABF00142120 /* PinConfirmationRouterImpl.swift */ = {isa = PBXFileReference; lastKnownFileType = sourcecode.swift; path = PinConfirmationRouterImpl.swift; sourceTree = "<group>"; };
		FA2526782662BBA600142120 /* PinConfirmationView.swift */ = {isa = PBXFileReference; lastKnownFileType = sourcecode.swift; path = PinConfirmationView.swift; sourceTree = "<group>"; };
		FA6B4A1226625C830090790B /* PinConfirmationViewController.swift */ = {isa = PBXFileReference; lastKnownFileType = sourcecode.swift; path = PinConfirmationViewController.swift; sourceTree = "<group>"; };
		FA6B4A1326625C830090790B /* PinConfirmationViewController.xib */ = {isa = PBXFileReference; lastKnownFileType = file.xib; path = PinConfirmationViewController.xib; sourceTree = "<group>"; };
		FAC9B84026608BDF003310EF /* PinConfirmation.framework */ = {isa = PBXFileReference; explicitFileType = wrapper.framework; includeInIndex = 0; path = PinConfirmation.framework; sourceTree = BUILT_PRODUCTS_DIR; };
		FAC9B84326608BDF003310EF /* PinConfirmation.h */ = {isa = PBXFileReference; lastKnownFileType = sourcecode.c.h; path = PinConfirmation.h; sourceTree = "<group>"; };
		FAC9B84426608BDF003310EF /* Info.plist */ = {isa = PBXFileReference; lastKnownFileType = text.plist.xml; path = Info.plist; sourceTree = "<group>"; };
/* End PBXFileReference section */

/* Begin PBXFrameworksBuildPhase section */
		FAC9B83D26608BDF003310EF /* Frameworks */ = {
			isa = PBXFrameworksBuildPhase;
			buildActionMask = 2147483647;
			files = (
				04B3EC6A0DE976F0650F8258 /* Pods_PinConfirmation.framework in Frameworks */,
				FA25266A2662B8CF00142120 /* Core.framework in Frameworks */,
			);
			runOnlyForDeploymentPostprocessing = 0;
		};
/* End PBXFrameworksBuildPhase section */

/* Begin PBXGroup section */
		893DDB35CAAAE7B0704D869F /* Pods */ = {
			isa = PBXGroup;
			children = (
				1A4906129BC452A97E63D319 /* Pods-PinConfirmation.debug.xcconfig */,
				B4913F12913296653E27ADAF /* Pods-PinConfirmation.release.xcconfig */,
			);
			name = Pods;
			path = ../../App/Pods;
			sourceTree = "<group>";
		};
		9E6F270378F606DB18908053 /* Frameworks */ = {
			isa = PBXGroup;
			children = (
				FA2526692662B8CF00142120 /* Core.framework */,
				B871B628517030203FE4CF0A /* Pods_PinConfirmation.framework */,
			);
			name = Frameworks;
			sourceTree = "<group>";
		};
		FA0752482663818700C3B008 /* Entity */ = {
			isa = PBXGroup;
			children = (
				FA0752492663819900C3B008 /* TransferEntity.swift */,
			);
			path = Entity;
			sourceTree = "<group>";
		};
		FA25265B2662B31400142120 /* Interactor */ = {
			isa = PBXGroup;
			children = (
				FA25265C2662B33100142120 /* PinConfirmationInteractor.swift */,
				FA25265F2662B35A00142120 /* PinConfirmationInteractorImpl.swift */,
				FA2526652662B84900142120 /* PinConfirmationInteractorOutput.swift */,
			);
			path = Interactor;
			sourceTree = "<group>";
		};
		FA25266D2662B9C100142120 /* Presenter */ = {
			isa = PBXGroup;
			children = (
				FA25266E2662B9DD00142120 /* PinConfirmationPresenter.swift */,
				FA2526712662BA2C00142120 /* PinConfirmationPresenterImpl.swift */,
			);
			path = Presenter;
			sourceTree = "<group>";
		};
		FA2526732662BA6A00142120 /* Router */ = {
			isa = PBXGroup;
			children = (
				FA2526742662BA7C00142120 /* PinConfirmationRouter.swift */,
				FA2526762662BABF00142120 /* PinConfirmationRouterImpl.swift */,
			);
			path = Router;
			sourceTree = "<group>";
		};
		FA6B4A1126625C6B0090790B /* View */ = {
			isa = PBXGroup;
			children = (
				FA6B4A1226625C830090790B /* PinConfirmationViewController.swift */,
				FA6B4A1326625C830090790B /* PinConfirmationViewController.xib */,
				FA2526782662BBA600142120 /* PinConfirmationView.swift */,
			);
			path = View;
			sourceTree = "<group>";
		};
		FAC9B83626608BDF003310EF = {
			isa = PBXGroup;
			children = (
				FAC9B84226608BDF003310EF /* PinConfirmation */,
				FAC9B84126608BDF003310EF /* Products */,
				893DDB35CAAAE7B0704D869F /* Pods */,
				9E6F270378F606DB18908053 /* Frameworks */,
			);
			sourceTree = "<group>";
		};
		FAC9B84126608BDF003310EF /* Products */ = {
			isa = PBXGroup;
			children = (
				FAC9B84026608BDF003310EF /* PinConfirmation.framework */,
			);
			name = Products;
			sourceTree = "<group>";
		};
		FAC9B84226608BDF003310EF /* PinConfirmation */ = {
			isa = PBXGroup;
			children = (
				FA0752482663818700C3B008 /* Entity */,
				FA2526732662BA6A00142120 /* Router */,
				FA25266D2662B9C100142120 /* Presenter */,
				FA25265B2662B31400142120 /* Interactor */,
				FA6B4A1126625C6B0090790B /* View */,
				FAC9B84326608BDF003310EF /* PinConfirmation.h */,
				FAC9B84426608BDF003310EF /* Info.plist */,
			);
			path = PinConfirmation;
			sourceTree = "<group>";
		};
/* End PBXGroup section */

/* Begin PBXHeadersBuildPhase section */
		FAC9B83B26608BDF003310EF /* Headers */ = {
			isa = PBXHeadersBuildPhase;
			buildActionMask = 2147483647;
			files = (
				FAC9B84526608BDF003310EF /* PinConfirmation.h in Headers */,
			);
			runOnlyForDeploymentPostprocessing = 0;
		};
/* End PBXHeadersBuildPhase section */

/* Begin PBXNativeTarget section */
		FAC9B83F26608BDF003310EF /* PinConfirmation */ = {
			isa = PBXNativeTarget;
			buildConfigurationList = FAC9B84826608BDF003310EF /* Build configuration list for PBXNativeTarget "PinConfirmation" */;
			buildPhases = (
				83306A260E936E18B0BEF7E7 /* [CP] Check Pods Manifest.lock */,
				FAC9B83B26608BDF003310EF /* Headers */,
				FAC9B83C26608BDF003310EF /* Sources */,
				FAC9B83D26608BDF003310EF /* Frameworks */,
				FAC9B83E26608BDF003310EF /* Resources */,
				FA25266C2662B8CF00142120 /* Embed Frameworks */,
			);
			buildRules = (
			);
			dependencies = (
			);
			name = PinConfirmation;
			productName = PinConfirmation;
			productReference = FAC9B84026608BDF003310EF /* PinConfirmation.framework */;
			productType = "com.apple.product-type.framework";
		};
/* End PBXNativeTarget section */

/* Begin PBXProject section */
		FAC9B83726608BDF003310EF /* Project object */ = {
			isa = PBXProject;
			attributes = {
				LastUpgradeCheck = 1240;
				TargetAttributes = {
					FAC9B83F26608BDF003310EF = {
						CreatedOnToolsVersion = 12.4;
						LastSwiftMigration = 1240;
					};
				};
			};
			buildConfigurationList = FAC9B83A26608BDF003310EF /* Build configuration list for PBXProject "PinConfirmation" */;
			compatibilityVersion = "Xcode 9.3";
			developmentRegion = en;
			hasScannedForEncodings = 0;
			knownRegions = (
				en,
				Base,
			);
			mainGroup = FAC9B83626608BDF003310EF;
			productRefGroup = FAC9B84126608BDF003310EF /* Products */;
			projectDirPath = "";
			projectRoot = "";
			targets = (
				FAC9B83F26608BDF003310EF /* PinConfirmation */,
			);
		};
/* End PBXProject section */

/* Begin PBXResourcesBuildPhase section */
		FAC9B83E26608BDF003310EF /* Resources */ = {
			isa = PBXResourcesBuildPhase;
			buildActionMask = 2147483647;
			files = (
				FA6B4A1526625C830090790B /* PinConfirmationViewController.xib in Resources */,
			);
			runOnlyForDeploymentPostprocessing = 0;
		};
/* End PBXResourcesBuildPhase section */

/* Begin PBXShellScriptBuildPhase section */
		83306A260E936E18B0BEF7E7 /* [CP] Check Pods Manifest.lock */ = {
			isa = PBXShellScriptBuildPhase;
			buildActionMask = 2147483647;
			files = (
			);
			inputFileListPaths = (
			);
			inputPaths = (
				"${PODS_PODFILE_DIR_PATH}/Podfile.lock",
				"${PODS_ROOT}/Manifest.lock",
			);
			name = "[CP] Check Pods Manifest.lock";
			outputFileListPaths = (
			);
			outputPaths = (
				"$(DERIVED_FILE_DIR)/Pods-PinConfirmation-checkManifestLockResult.txt",
			);
			runOnlyForDeploymentPostprocessing = 0;
			shellPath = /bin/sh;
			shellScript = "diff \"${PODS_PODFILE_DIR_PATH}/Podfile.lock\" \"${PODS_ROOT}/Manifest.lock\" > /dev/null\nif [ $? != 0 ] ; then\n    # print error to STDERR\n    echo \"error: The sandbox is not in sync with the Podfile.lock. Run 'pod install' or update your CocoaPods installation.\" >&2\n    exit 1\nfi\n# This output is used by Xcode 'outputs' to avoid re-running this script phase.\necho \"SUCCESS\" > \"${SCRIPT_OUTPUT_FILE_0}\"\n";
			showEnvVarsInLog = 0;
		};
/* End PBXShellScriptBuildPhase section */

/* Begin PBXSourcesBuildPhase section */
		FAC9B83C26608BDF003310EF /* Sources */ = {
			isa = PBXSourcesBuildPhase;
			buildActionMask = 2147483647;
			files = (
				FA25266F2662B9DD00142120 /* PinConfirmationPresenter.swift in Sources */,
				FA2526662662B84900142120 /* PinConfirmationInteractorOutput.swift in Sources */,
				FA2526602662B35A00142120 /* PinConfirmationInteractorImpl.swift in Sources */,
				FA2526792662BBA600142120 /* PinConfirmationView.swift in Sources */,
				FA2526752662BA7C00142120 /* PinConfirmationRouter.swift in Sources */,
				FA07524A2663819900C3B008 /* TransferEntity.swift in Sources */,
				FA2526722662BA2C00142120 /* PinConfirmationPresenterImpl.swift in Sources */,
				FA2526772662BABF00142120 /* PinConfirmationRouterImpl.swift in Sources */,
				FA6B4A1426625C830090790B /* PinConfirmationViewController.swift in Sources */,
				FA25265D2662B33100142120 /* PinConfirmationInteractor.swift in Sources */,
			);
			runOnlyForDeploymentPostprocessing = 0;
		};
/* End PBXSourcesBuildPhase section */

/* Begin XCBuildConfiguration section */
		FAC9B84626608BDF003310EF /* Debug */ = {
			isa = XCBuildConfiguration;
			buildSettings = {
				ALWAYS_SEARCH_USER_PATHS = NO;
				CLANG_ANALYZER_NONNULL = YES;
				CLANG_ANALYZER_NUMBER_OBJECT_CONVERSION = YES_AGGRESSIVE;
				CLANG_CXX_LANGUAGE_STANDARD = "gnu++14";
				CLANG_CXX_LIBRARY = "libc++";
				CLANG_ENABLE_MODULES = YES;
				CLANG_ENABLE_OBJC_ARC = YES;
				CLANG_ENABLE_OBJC_WEAK = YES;
				CLANG_WARN_BLOCK_CAPTURE_AUTORELEASING = YES;
				CLANG_WARN_BOOL_CONVERSION = YES;
				CLANG_WARN_COMMA = YES;
				CLANG_WARN_CONSTANT_CONVERSION = YES;
				CLANG_WARN_DEPRECATED_OBJC_IMPLEMENTATIONS = YES;
				CLANG_WARN_DIRECT_OBJC_ISA_USAGE = YES_ERROR;
				CLANG_WARN_DOCUMENTATION_COMMENTS = YES;
				CLANG_WARN_EMPTY_BODY = YES;
				CLANG_WARN_ENUM_CONVERSION = YES;
				CLANG_WARN_INFINITE_RECURSION = YES;
				CLANG_WARN_INT_CONVERSION = YES;
				CLANG_WARN_NON_LITERAL_NULL_CONVERSION = YES;
				CLANG_WARN_OBJC_IMPLICIT_RETAIN_SELF = YES;
				CLANG_WARN_OBJC_LITERAL_CONVERSION = YES;
				CLANG_WARN_OBJC_ROOT_CLASS = YES_ERROR;
				CLANG_WARN_QUOTED_INCLUDE_IN_FRAMEWORK_HEADER = YES;
				CLANG_WARN_RANGE_LOOP_ANALYSIS = YES;
				CLANG_WARN_STRICT_PROTOTYPES = YES;
				CLANG_WARN_SUSPICIOUS_MOVE = YES;
				CLANG_WARN_UNGUARDED_AVAILABILITY = YES_AGGRESSIVE;
				CLANG_WARN_UNREACHABLE_CODE = YES;
				CLANG_WARN__DUPLICATE_METHOD_MATCH = YES;
				COPY_PHASE_STRIP = NO;
				CURRENT_PROJECT_VERSION = 1;
				DEBUG_INFORMATION_FORMAT = dwarf;
				ENABLE_STRICT_OBJC_MSGSEND = YES;
				ENABLE_TESTABILITY = YES;
				GCC_C_LANGUAGE_STANDARD = gnu11;
				GCC_DYNAMIC_NO_PIC = NO;
				GCC_NO_COMMON_BLOCKS = YES;
				GCC_OPTIMIZATION_LEVEL = 0;
				GCC_PREPROCESSOR_DEFINITIONS = (
					"DEBUG=1",
					"$(inherited)",
				);
				GCC_WARN_64_TO_32_BIT_CONVERSION = YES;
				GCC_WARN_ABOUT_RETURN_TYPE = YES_ERROR;
				GCC_WARN_UNDECLARED_SELECTOR = YES;
				GCC_WARN_UNINITIALIZED_AUTOS = YES_AGGRESSIVE;
				GCC_WARN_UNUSED_FUNCTION = YES;
				GCC_WARN_UNUSED_VARIABLE = YES;
				IPHONEOS_DEPLOYMENT_TARGET = 14.4;
				MTL_ENABLE_DEBUG_INFO = INCLUDE_SOURCE;
				MTL_FAST_MATH = YES;
				ONLY_ACTIVE_ARCH = YES;
				SDKROOT = iphoneos;
				SWIFT_ACTIVE_COMPILATION_CONDITIONS = DEBUG;
				SWIFT_OPTIMIZATION_LEVEL = "-Onone";
				VERSIONING_SYSTEM = "apple-generic";
				VERSION_INFO_PREFIX = "";
			};
			name = Debug;
		};
		FAC9B84726608BDF003310EF /* Release */ = {
			isa = XCBuildConfiguration;
			buildSettings = {
				ALWAYS_SEARCH_USER_PATHS = NO;
				CLANG_ANALYZER_NONNULL = YES;
				CLANG_ANALYZER_NUMBER_OBJECT_CONVERSION = YES_AGGRESSIVE;
				CLANG_CXX_LANGUAGE_STANDARD = "gnu++14";
				CLANG_CXX_LIBRARY = "libc++";
				CLANG_ENABLE_MODULES = YES;
				CLANG_ENABLE_OBJC_ARC = YES;
				CLANG_ENABLE_OBJC_WEAK = YES;
				CLANG_WARN_BLOCK_CAPTURE_AUTORELEASING = YES;
				CLANG_WARN_BOOL_CONVERSION = YES;
				CLANG_WARN_COMMA = YES;
				CLANG_WARN_CONSTANT_CONVERSION = YES;
				CLANG_WARN_DEPRECATED_OBJC_IMPLEMENTATIONS = YES;
				CLANG_WARN_DIRECT_OBJC_ISA_USAGE = YES_ERROR;
				CLANG_WARN_DOCUMENTATION_COMMENTS = YES;
				CLANG_WARN_EMPTY_BODY = YES;
				CLANG_WARN_ENUM_CONVERSION = YES;
				CLANG_WARN_INFINITE_RECURSION = YES;
				CLANG_WARN_INT_CONVERSION = YES;
				CLANG_WARN_NON_LITERAL_NULL_CONVERSION = YES;
				CLANG_WARN_OBJC_IMPLICIT_RETAIN_SELF = YES;
				CLANG_WARN_OBJC_LITERAL_CONVERSION = YES;
				CLANG_WARN_OBJC_ROOT_CLASS = YES_ERROR;
				CLANG_WARN_QUOTED_INCLUDE_IN_FRAMEWORK_HEADER = YES;
				CLANG_WARN_RANGE_LOOP_ANALYSIS = YES;
				CLANG_WARN_STRICT_PROTOTYPES = YES;
				CLANG_WARN_SUSPICIOUS_MOVE = YES;
				CLANG_WARN_UNGUARDED_AVAILABILITY = YES_AGGRESSIVE;
				CLANG_WARN_UNREACHABLE_CODE = YES;
				CLANG_WARN__DUPLICATE_METHOD_MATCH = YES;
				COPY_PHASE_STRIP = NO;
				CURRENT_PROJECT_VERSION = 1;
				DEBUG_INFORMATION_FORMAT = "dwarf-with-dsym";
				ENABLE_NS_ASSERTIONS = NO;
				ENABLE_STRICT_OBJC_MSGSEND = YES;
				GCC_C_LANGUAGE_STANDARD = gnu11;
				GCC_NO_COMMON_BLOCKS = YES;
				GCC_WARN_64_TO_32_BIT_CONVERSION = YES;
				GCC_WARN_ABOUT_RETURN_TYPE = YES_ERROR;
				GCC_WARN_UNDECLARED_SELECTOR = YES;
				GCC_WARN_UNINITIALIZED_AUTOS = YES_AGGRESSIVE;
				GCC_WARN_UNUSED_FUNCTION = YES;
				GCC_WARN_UNUSED_VARIABLE = YES;
				IPHONEOS_DEPLOYMENT_TARGET = 14.4;
				MTL_ENABLE_DEBUG_INFO = NO;
				MTL_FAST_MATH = YES;
				SDKROOT = iphoneos;
				SWIFT_COMPILATION_MODE = wholemodule;
				SWIFT_OPTIMIZATION_LEVEL = "-O";
				VALIDATE_PRODUCT = YES;
				VERSIONING_SYSTEM = "apple-generic";
				VERSION_INFO_PREFIX = "";
			};
			name = Release;
		};
		FAC9B84926608BDF003310EF /* Debug */ = {
			isa = XCBuildConfiguration;
			baseConfigurationReference = 1A4906129BC452A97E63D319 /* Pods-PinConfirmation.debug.xcconfig */;
			buildSettings = {
				CLANG_ENABLE_MODULES = YES;
				CODE_SIGN_STYLE = Automatic;
				DEFINES_MODULE = YES;
				DEVELOPMENT_TEAM = 28NN36KCKR;
				DYLIB_COMPATIBILITY_VERSION = 1;
				DYLIB_CURRENT_VERSION = 1;
				DYLIB_INSTALL_NAME_BASE = "@rpath";
				INFOPLIST_FILE = PinConfirmation/Info.plist;
				INSTALL_PATH = "$(LOCAL_LIBRARY_DIR)/Frameworks";
				IPHONEOS_DEPLOYMENT_TARGET = 12.1;
				LD_RUNPATH_SEARCH_PATHS = (
					"$(inherited)",
					"@executable_path/Frameworks",
					"@loader_path/Frameworks",
				);
				PRODUCT_BUNDLE_IDENTIFIER = com.grevi.msx.PinConfirmation;
				PRODUCT_NAME = "$(TARGET_NAME:c99extidentifier)";
				SKIP_INSTALL = YES;
				SUPPORTS_MACCATALYST = NO;
				SWIFT_OPTIMIZATION_LEVEL = "-Onone";
				SWIFT_VERSION = 5.0;
				TARGETED_DEVICE_FAMILY = "1,2";
			};
			name = Debug;
		};
		FAC9B84A26608BDF003310EF /* Release */ = {
			isa = XCBuildConfiguration;
			baseConfigurationReference = B4913F12913296653E27ADAF /* Pods-PinConfirmation.release.xcconfig */;
			buildSettings = {
				CLANG_ENABLE_MODULES = YES;
				CODE_SIGN_STYLE = Automatic;
				DEFINES_MODULE = YES;
				DEVELOPMENT_TEAM = 28NN36KCKR;
				DYLIB_COMPATIBILITY_VERSION = 1;
				DYLIB_CURRENT_VERSION = 1;
				DYLIB_INSTALL_NAME_BASE = "@rpath";
				INFOPLIST_FILE = PinConfirmation/Info.plist;
				INSTALL_PATH = "$(LOCAL_LIBRARY_DIR)/Frameworks";
				IPHONEOS_DEPLOYMENT_TARGET = 12.1;
				LD_RUNPATH_SEARCH_PATHS = (
					"$(inherited)",
					"@executable_path/Frameworks",
					"@loader_path/Frameworks",
				);
				PRODUCT_BUNDLE_IDENTIFIER = com.grevi.msx.PinConfirmation;
				PRODUCT_NAME = "$(TARGET_NAME:c99extidentifier)";
				SKIP_INSTALL = YES;
				SUPPORTS_MACCATALYST = NO;
				SWIFT_VERSION = 5.0;
				TARGETED_DEVICE_FAMILY = "1,2";
			};
			name = Release;
		};
/* End XCBuildConfiguration section */

/* Begin XCConfigurationList section */
		FAC9B83A26608BDF003310EF /* Build configuration list for PBXProject "PinConfirmation" */ = {
			isa = XCConfigurationList;
			buildConfigurations = (
				FAC9B84626608BDF003310EF /* Debug */,
				FAC9B84726608BDF003310EF /* Release */,
			);
			defaultConfigurationIsVisible = 0;
			defaultConfigurationName = Release;
		};
		FAC9B84826608BDF003310EF /* Build configuration list for PBXNativeTarget "PinConfirmation" */ = {
			isa = XCConfigurationList;
			buildConfigurations = (
				FAC9B84926608BDF003310EF /* Debug */,
				FAC9B84A26608BDF003310EF /* Release */,
			);
			defaultConfigurationIsVisible = 0;
			defaultConfigurationName = Release;
		};
/* End XCConfigurationList section */
	};
	rootObject = FAC9B83726608BDF003310EF /* Project object */;
}
